
Microsoft Visual Studio Solution File, Format Version 12.00
# Visual Studio Version 16
VisualStudioVersion = 16.0.34114.132
MinimumVisualStudioVersion = 10.0.40219.1
Project("{FAE04EC0-301F-11D3-BF4B-00C04F79EFBC}") = "Student Manegement System", "Student Manegement System\Student Manegement System.csproj", "{4CC4C2DB-0227-4D4A-AD60-A36F266474A2}"
EndProject
Global
	GlobalSection(SolutionConfigurationPlatforms) = preSolution
		Debug|Any CPU = Debug|Any CPU
		Release|Any CPU = Release|Any CPU
	EndGlobalSection
	GlobalSection(ProjectConfigurationPlatforms) = postSolution
		{4CC4C2DB-0227-4D4A-AD60-A36F266474A2}.Debug|Any CPU.ActiveCfg = Debug|Any CPU
		{4CC4C2DB-0227-4D4A-AD60-A36F266474A2}.Debug|Any CPU.Build.0 = Debug|Any CPU
		{4CC4C2DB-0227-4D4A-AD60-A36F266474A2}.Release|Any CPU.ActiveCfg = Release|Any CPU
		{4CC4C2DB-0227-4D4A-AD60-A36F266474A2}.Release|Any CPU.Build.0 = Release|Any CPU
	EndGlobalSection
	GlobalSection(SolutionProperties) = preSolution
		HideSolutionNode = FALSE
	EndGlobalSection
	GlobalSection(ExtensibilityGlobals) = postSolution
		SolutionGuid = {646EFD93-6334-4D24-8D77-FDAFE5BAF106}
	EndGlobalSection
EndGlobal
